Microsoft Visual Studio Solution File, Format Version 9.00
# Visual Studio 2005
Project("{FAE04EC0-301F-11D3-BF4B-00C04F79EFBC}") = "Commander.Y2006.M08.proxy", "Commander.Y2006.M08.proxy.csproj", "{66577B02-E168-4040-B954-D43FC2A78773}"
EndProject
Global
	GlobalSection(SolutionConfigurationPlatforms) = preSolution
		Debug|Any CPU = Debug|Any CPU
		Release|Any CPU = Release|Any CPU
	EndGlobalSection
	GlobalSection(ProjectConfigurationPlatforms) = postSolution
		{66577B02-E168-4040-B954-D43FC2A78773}.Debug|Any CPU.ActiveCfg = Debug|Any CPU
		{66577B02-E168-4040-B954-D43FC2A78773}.Debug|Any CPU.Build.0 = Debug|Any CPU
		{66577B02-E168-4040-B954-D43FC2A78773}.Release|Any CPU.ActiveCfg = Release|Any CPU
		{66577B02-E168-4040-B954-D43FC2A78773}.Release|Any CPU.Build.0 = Release|Any CPU
	EndGlobalSection
	GlobalSection(SolutionProperties) = preSolution
		HideSolutionNode = FALSE
	EndGlobalSection
EndGlobal