Microsoft Visual Studio Solution File, Format Version 9.00
# Visual Studio 2005
Project("{FAE04EC0-301F-11D3-BF4B-00C04F79EFBC}") = "ControlPanel.Y2006.M08.proxy", "ControlPanel.Y2006.M08.proxy.csproj", "{186F8164-4803-4B89-905A-ECE521F6B405}"
EndProject
Global
	GlobalSection(SolutionConfigurationPlatforms) = preSolution
		Debug|Any CPU = Debug|Any CPU
		Release|Any CPU = Release|Any CPU
	EndGlobalSection
	GlobalSection(ProjectConfigurationPlatforms) = postSolution
		{186F8164-4803-4B89-905A-ECE521F6B405}.Debug|Any CPU.ActiveCfg = Debug|Any CPU
		{186F8164-4803-4B89-905A-ECE521F6B405}.Debug|Any CPU.Build.0 = Debug|Any CPU
		{186F8164-4803-4B89-905A-ECE521F6B405}.Release|Any CPU.ActiveCfg = Release|Any CPU
		{186F8164-4803-4B89-905A-ECE521F6B405}.Release|Any CPU.Build.0 = Release|Any CPU
	EndGlobalSection
	GlobalSection(SolutionProperties) = preSolution
		HideSolutionNode = FALSE
	EndGlobalSection
EndGlobal