
Microsoft Visual Studio Solution File, Format Version 9.00
# Visual Studio 2005
Project("{FAE04EC0-301F-11D3-BF4B-00C04F79EFBC}") = "ControlForm", "..\..\simulators\ControlForm\ControlForm.csproj", "{EBB6F8D0-8263-48F1-9114-03EA5EEEE179}"
EndProject
Project("{FAE04EC0-301F-11D3-BF4B-00C04F79EFBC}") = "CoreRobotics", "..\..\control\CoreRobotics\CoreRobotics.csproj", "{A53931A0-3FC5-4F2F-90CE-D7768E0D2CEF}"
EndProject
Project("{FAE04EC0-301F-11D3-BF4B-00C04F79EFBC}") = "Utilities", "..\..\system\Utilities\Utilities.csproj", "{729B7FC5-FCC1-481C-8C0F-CD3C2855973C}"
EndProject
Project("{FAE04EC0-301F-11D3-BF4B-00C04F79EFBC}") = "Core", "..\..\system\Core\Core.csproj", "{501CE524-9C56-4C08-B04F-69A92318872A}"
EndProject
Project("{FAE04EC0-301F-11D3-BF4B-00C04F79EFBC}") = "CorePlayFiles", "..\..\strategy\Core Play Files\CorePlayFiles.csproj", "{1F29EBE7-E253-4BF6-8ACC-2BD45B9E9026}"
EndProject
Project("{FAE04EC0-301F-11D3-BF4B-00C04F79EFBC}") = "MessageSystem", "..\..\system\MessageSystem\MessageSystem.csproj", "{1C7044F7-B506-46B2-AF61-E38E224EC33A}"
EndProject
Project("{8BC9CEB8-8B4A-11D0-8D11-00A0C91BC942}") = "SSLClientWrapper", "..\..\vision\SSLClientWrapper\SSLClientWrapper.vcproj", "{3D6BCAD3-A81A-4ADB-9B80-115920094F24}"
	ProjectSection(ProjectDependencies) = postProject
		{3E283F37-A4ED-41B7-A3E6-A2D89D131A30} = {3E283F37-A4ED-41B7-A3E6-A2D89D131A30}
		{E8342D57-BCE2-4970-89AB-A1C16F8419CD} = {E8342D57-BCE2-4970-89AB-A1C16F8419CD}
	EndProjectSection
EndProject
Project("{8BC9CEB8-8B4A-11D0-8D11-00A0C91BC942}") = "SSLClientLib", "..\..\vision\SSLClientLib\SSLClientLib.vcproj", "{E8342D57-BCE2-4970-89AB-A1C16F8419CD}"
	ProjectSection(ProjectDependencies) = postProject
		{3E283F37-A4ED-41B7-A3E6-A2D89D131A30} = {3E283F37-A4ED-41B7-A3E6-A2D89D131A30}
	EndProjectSection
EndProject
Project("{8BC9CEB8-8B4A-11D0-8D11-00A0C91BC942}") = "libprotobuf", "..\..\vision\protobuf\vsprojects\libprotobuf.vcproj", "{3E283F37-A4ED-41B7-A3E6-A2D89D131A30}"
EndProject
Project("{FAE04EC0-301F-11D3-BF4B-00C04F79EFBC}") = "Geometry", "..\..\strategy\Geometry\Geometry.csproj", "{988ED745-BF01-4C8F-95CD-10A5DC51E5EB}"
EndProject
Project("{FAE04EC0-301F-11D3-BF4B-00C04F79EFBC}") = "MotionPlanning", "..\..\control\MotionPlanning\MotionPlanning.csproj", "{6B407296-924E-4788-A8B4-5E808061889D}"
EndProject
Project("{FAE04EC0-301F-11D3-BF4B-00C04F79EFBC}") = "PlaySelector", "..\..\strategy\Play Selector\PlaySelector.csproj", "{38CE179C-5898-4DCA-A645-BD7C7C445FB4}"
EndProject
Global
	GlobalSection(SolutionConfigurationPlatforms) = preSolution
		Debug|Any CPU = Debug|Any CPU
		Debug|Mixed Platforms = Debug|Mixed Platforms
		Debug|Win32 = Debug|Win32
		Release|Any CPU = Release|Any CPU
		Release|Mixed Platforms = Release|Mixed Platforms
		Release|Win32 = Release|Win32
	EndGlobalSection
	GlobalSection(ProjectConfigurationPlatforms) = postSolution
		{EBB6F8D0-8263-48F1-9114-03EA5EEEE179}.Debug|Any CPU.ActiveCfg = Debug|Any CPU
		{EBB6F8D0-8263-48F1-9114-03EA5EEEE179}.Debug|Any CPU.Build.0 = Debug|Any CPU
		{EBB6F8D0-8263-48F1-9114-03EA5EEEE179}.Debug|Mixed Platforms.ActiveCfg = Debug|Any CPU
		{EBB6F8D0-8263-48F1-9114-03EA5EEEE179}.Debug|Mixed Platforms.Build.0 = Debug|Any CPU
		{EBB6F8D0-8263-48F1-9114-03EA5EEEE179}.Debug|Win32.ActiveCfg = Debug|Any CPU
		{EBB6F8D0-8263-48F1-9114-03EA5EEEE179}.Release|Any CPU.ActiveCfg = Release|Any CPU
		{EBB6F8D0-8263-48F1-9114-03EA5EEEE179}.Release|Any CPU.Build.0 = Release|Any CPU
		{EBB6F8D0-8263-48F1-9114-03EA5EEEE179}.Release|Mixed Platforms.ActiveCfg = Release|Any CPU
		{EBB6F8D0-8263-48F1-9114-03EA5EEEE179}.Release|Mixed Platforms.Build.0 = Release|Any CPU
		{EBB6F8D0-8263-48F1-9114-03EA5EEEE179}.Release|Win32.ActiveCfg = Release|Any CPU
		{A53931A0-3FC5-4F2F-90CE-D7768E0D2CEF}.Debug|Any CPU.ActiveCfg = Debug|Any CPU
		{A53931A0-3FC5-4F2F-90CE-D7768E0D2CEF}.Debug|Any CPU.Build.0 = Debug|Any CPU
		{A53931A0-3FC5-4F2F-90CE-D7768E0D2CEF}.Debug|Mixed Platforms.ActiveCfg = Debug|Any CPU
		{A53931A0-3FC5-4F2F-90CE-D7768E0D2CEF}.Debug|Mixed Platforms.Build.0 = Debug|Any CPU
		{A53931A0-3FC5-4F2F-90CE-D7768E0D2CEF}.Debug|Win32.ActiveCfg = Debug|Any CPU
		{A53931A0-3FC5-4F2F-90CE-D7768E0D2CEF}.Release|Any CPU.ActiveCfg = Release|Any CPU
		{A53931A0-3FC5-4F2F-90CE-D7768E0D2CEF}.Release|Any CPU.Build.0 = Release|Any CPU
		{A53931A0-3FC5-4F2F-90CE-D7768E0D2CEF}.Release|Mixed Platforms.ActiveCfg = Release|Any CPU
		{A53931A0-3FC5-4F2F-90CE-D7768E0D2CEF}.Release|Mixed Platforms.Build.0 = Release|Any CPU
		{A53931A0-3FC5-4F2F-90CE-D7768E0D2CEF}.Release|Win32.ActiveCfg = Release|Any CPU
		{729B7FC5-FCC1-481C-8C0F-CD3C2855973C}.Debug|Any CPU.ActiveCfg = Debug|Any CPU
		{729B7FC5-FCC1-481C-8C0F-CD3C2855973C}.Debug|Any CPU.Build.0 = Debug|Any CPU
		{729B7FC5-FCC1-481C-8C0F-CD3C2855973C}.Debug|Mixed Platforms.ActiveCfg = Debug|Any CPU
		{729B7FC5-FCC1-481C-8C0F-CD3C2855973C}.Debug|Mixed Platforms.Build.0 = Debug|Any CPU
		{729B7FC5-FCC1-481C-8C0F-CD3C2855973C}.Debug|Win32.ActiveCfg = Debug|Any CPU
		{729B7FC5-FCC1-481C-8C0F-CD3C2855973C}.Release|Any CPU.ActiveCfg = Release|Any CPU
		{729B7FC5-FCC1-481C-8C0F-CD3C2855973C}.Release|Any CPU.Build.0 = Release|Any CPU
		{729B7FC5-FCC1-481C-8C0F-CD3C2855973C}.Release|Mixed Platforms.ActiveCfg = Release|Any CPU
		{729B7FC5-FCC1-481C-8C0F-CD3C2855973C}.Release|Mixed Platforms.Build.0 = Release|Any CPU
		{729B7FC5-FCC1-481C-8C0F-CD3C2855973C}.Release|Win32.ActiveCfg = Release|Any CPU
		{501CE524-9C56-4C08-B04F-69A92318872A}.Debug|Any CPU.ActiveCfg = Debug|Any CPU
		{501CE524-9C56-4C08-B04F-69A92318872A}.Debug|Any CPU.Build.0 = Debug|Any CPU
		{501CE524-9C56-4C08-B04F-69A92318872A}.Debug|Mixed Platforms.ActiveCfg = Debug|Any CPU
		{501CE524-9C56-4C08-B04F-69A92318872A}.Debug|Mixed Platforms.Build.0 = Debug|Any CPU
		{501CE524-9C56-4C08-B04F-69A92318872A}.Debug|Win32.ActiveCfg = Debug|Any CPU
		{501CE524-9C56-4C08-B04F-69A92318872A}.Release|Any CPU.ActiveCfg = Release|Any CPU
		{501CE524-9C56-4C08-B04F-69A92318872A}.Release|Any CPU.Build.0 = Release|Any CPU
		{501CE524-9C56-4C08-B04F-69A92318872A}.Release|Mixed Platforms.ActiveCfg = Release|Any CPU
		{501CE524-9C56-4C08-B04F-69A92318872A}.Release|Mixed Platforms.Build.0 = Release|Any CPU
		{501CE524-9C56-4C08-B04F-69A92318872A}.Release|Win32.ActiveCfg = Release|Any CPU
		{1F29EBE7-E253-4BF6-8ACC-2BD45B9E9026}.Debug|Any CPU.ActiveCfg = Debug|Any CPU
		{1F29EBE7-E253-4BF6-8ACC-2BD45B9E9026}.Debug|Any CPU.Build.0 = Debug|Any CPU
		{1F29EBE7-E253-4BF6-8ACC-2BD45B9E9026}.Debug|Mixed Platforms.ActiveCfg = Debug|Any CPU
		{1F29EBE7-E253-4BF6-8ACC-2BD45B9E9026}.Debug|Mixed Platforms.Build.0 = Debug|Any CPU
		{1F29EBE7-E253-4BF6-8ACC-2BD45B9E9026}.Debug|Win32.ActiveCfg = Debug|Any CPU
		{1F29EBE7-E253-4BF6-8ACC-2BD45B9E9026}.Release|Any CPU.ActiveCfg = Release|Any CPU
		{1F29EBE7-E253-4BF6-8ACC-2BD45B9E9026}.Release|Any CPU.Build.0 = Release|Any CPU
		{1F29EBE7-E253-4BF6-8ACC-2BD45B9E9026}.Release|Mixed Platforms.ActiveCfg = Release|Any CPU
		{1F29EBE7-E253-4BF6-8ACC-2BD45B9E9026}.Release|Mixed Platforms.Build.0 = Release|Any CPU
		{1F29EBE7-E253-4BF6-8ACC-2BD45B9E9026}.Release|Win32.ActiveCfg = Release|Any CPU
		{1C7044F7-B506-46B2-AF61-E38E224EC33A}.Debug|Any CPU.ActiveCfg = Debug|Any CPU
		{1C7044F7-B506-46B2-AF61-E38E224EC33A}.Debug|Any CPU.Build.0 = Debug|Any CPU
		{1C7044F7-B506-46B2-AF61-E38E224EC33A}.Debug|Mixed Platforms.ActiveCfg = Debug|Any CPU
		{1C7044F7-B506-46B2-AF61-E38E224EC33A}.Debug|Mixed Platforms.Build.0 = Debug|Any CPU
		{1C7044F7-B506-46B2-AF61-E38E224EC33A}.Debug|Win32.ActiveCfg = Debug|Any CPU
		{1C7044F7-B506-46B2-AF61-E38E224EC33A}.Release|Any CPU.ActiveCfg = Release|Any CPU
		{1C7044F7-B506-46B2-AF61-E38E224EC33A}.Release|Any CPU.Build.0 = Release|Any CPU
		{1C7044F7-B506-46B2-AF61-E38E224EC33A}.Release|Mixed Platforms.ActiveCfg = Release|Any CPU
		{1C7044F7-B506-46B2-AF61-E38E224EC33A}.Release|Mixed Platforms.Build.0 = Release|Any CPU
		{1C7044F7-B506-46B2-AF61-E38E224EC33A}.Release|Win32.ActiveCfg = Release|Any CPU
		{3D6BCAD3-A81A-4ADB-9B80-115920094F24}.Debug|Any CPU.ActiveCfg = Debug|Win32
		{3D6BCAD3-A81A-4ADB-9B80-115920094F24}.Debug|Mixed Platforms.ActiveCfg = Debug|Win32
		{3D6BCAD3-A81A-4ADB-9B80-115920094F24}.Debug|Mixed Platforms.Build.0 = Debug|Win32
		{3D6BCAD3-A81A-4ADB-9B80-115920094F24}.Debug|Win32.ActiveCfg = Debug|Win32
		{3D6BCAD3-A81A-4ADB-9B80-115920094F24}.Debug|Win32.Build.0 = Debug|Win32
		{3D6BCAD3-A81A-4ADB-9B80-115920094F24}.Release|Any CPU.ActiveCfg = Release|Win32
		{3D6BCAD3-A81A-4ADB-9B80-115920094F24}.Release|Mixed Platforms.ActiveCfg = Release|Win32
		{3D6BCAD3-A81A-4ADB-9B80-115920094F24}.Release|Mixed Platforms.Build.0 = Release|Win32
		{3D6BCAD3-A81A-4ADB-9B80-115920094F24}.Release|Win32.ActiveCfg = Release|Win32
		{3D6BCAD3-A81A-4ADB-9B80-115920094F24}.Release|Win32.Build.0 = Release|Win32
		{E8342D57-BCE2-4970-89AB-A1C16F8419CD}.Debug|Any CPU.ActiveCfg = Debug|Win32
		{E8342D57-BCE2-4970-89AB-A1C16F8419CD}.Debug|Mixed Platforms.ActiveCfg = Debug|Win32
		{E8342D57-BCE2-4970-89AB-A1C16F8419CD}.Debug|Mixed Platforms.Build.0 = Debug|Win32
		{E8342D57-BCE2-4970-89AB-A1C16F8419CD}.Debug|Win32.ActiveCfg = Debug|Win32
		{E8342D57-BCE2-4970-89AB-A1C16F8419CD}.Debug|Win32.Build.0 = Debug|Win32
		{E8342D57-BCE2-4970-89AB-A1C16F8419CD}.Release|Any CPU.ActiveCfg = Release|Win32
		{E8342D57-BCE2-4970-89AB-A1C16F8419CD}.Release|Mixed Platforms.ActiveCfg = Release|Win32
		{E8342D57-BCE2-4970-89AB-A1C16F8419CD}.Release|Mixed Platforms.Build.0 = Release|Win32
		{E8342D57-BCE2-4970-89AB-A1C16F8419CD}.Release|Win32.ActiveCfg = Release|Win32
		{E8342D57-BCE2-4970-89AB-A1C16F8419CD}.Release|Win32.Build.0 = Release|Win32
		{3E283F37-A4ED-41B7-A3E6-A2D89D131A30}.Debug|Any CPU.ActiveCfg = Debug|Win32
		{3E283F37-A4ED-41B7-A3E6-A2D89D131A30}.Debug|Mixed Platforms.ActiveCfg = Debug|Win32
		{3E283F37-A4ED-41B7-A3E6-A2D89D131A30}.Debug|Mixed Platforms.Build.0 = Debug|Win32
		{3E283F37-A4ED-41B7-A3E6-A2D89D131A30}.Debug|Win32.ActiveCfg = Debug|Win32
		{3E283F37-A4ED-41B7-A3E6-A2D89D131A30}.Debug|Win32.Build.0 = Debug|Win32
		{3E283F37-A4ED-41B7-A3E6-A2D89D131A30}.Release|Any CPU.ActiveCfg = Release|Win32
		{3E283F37-A4ED-41B7-A3E6-A2D89D131A30}.Release|Mixed Platforms.ActiveCfg = Release|Win32
		{3E283F37-A4ED-41B7-A3E6-A2D89D131A30}.Release|Mixed Platforms.Build.0 = Release|Win32
		{3E283F37-A4ED-41B7-A3E6-A2D89D131A30}.Release|Win32.ActiveCfg = Release|Win32
		{3E283F37-A4ED-41B7-A3E6-A2D89D131A30}.Release|Win32.Build.0 = Release|Win32
		{988ED745-BF01-4C8F-95CD-10A5DC51E5EB}.Debug|Any CPU.ActiveCfg = Debug|Any CPU
		{988ED745-BF01-4C8F-95CD-10A5DC51E5EB}.Debug|Any CPU.Build.0 = Debug|Any CPU
		{988ED745-BF01-4C8F-95CD-10A5DC51E5EB}.Debug|Mixed Platforms.ActiveCfg = Debug|Any CPU
		{988ED745-BF01-4C8F-95CD-10A5DC51E5EB}.Debug|Mixed Platforms.Build.0 = Debug|Any CPU
		{988ED745-BF01-4C8F-95CD-10A5DC51E5EB}.Debug|Win32.ActiveCfg = Debug|Any CPU
		{988ED745-BF01-4C8F-95CD-10A5DC51E5EB}.Release|Any CPU.ActiveCfg = Release|Any CPU
		{988ED745-BF01-4C8F-95CD-10A5DC51E5EB}.Release|Any CPU.Build.0 = Release|Any CPU
		{988ED745-BF01-4C8F-95CD-10A5DC51E5EB}.Release|Mixed Platforms.ActiveCfg = Release|Any CPU
		{988ED745-BF01-4C8F-95CD-10A5DC51E5EB}.Release|Mixed Platforms.Build.0 = Release|Any CPU
		{988ED745-BF01-4C8F-95CD-10A5DC51E5EB}.Release|Win32.ActiveCfg = Release|Any CPU
		{6B407296-924E-4788-A8B4-5E808061889D}.Debug|Any CPU.ActiveCfg = Debug|Any CPU
		{6B407296-924E-4788-A8B4-5E808061889D}.Debug|Any CPU.Build.0 = Debug|Any CPU
		{6B407296-924E-4788-A8B4-5E808061889D}.Debug|Mixed Platforms.ActiveCfg = Debug|Any CPU
		{6B407296-924E-4788-A8B4-5E808061889D}.Debug|Mixed Platforms.Build.0 = Debug|Any CPU
		{6B407296-924E-4788-A8B4-5E808061889D}.Debug|Win32.ActiveCfg = Debug|Any CPU
		{6B407296-924E-4788-A8B4-5E808061889D}.Release|Any CPU.ActiveCfg = Release|Any CPU
		{6B407296-924E-4788-A8B4-5E808061889D}.Release|Any CPU.Build.0 = Release|Any CPU
		{6B407296-924E-4788-A8B4-5E808061889D}.Release|Mixed Platforms.ActiveCfg = Release|Any CPU
		{6B407296-924E-4788-A8B4-5E808061889D}.Release|Mixed Platforms.Build.0 = Release|Any CPU
		{6B407296-924E-4788-A8B4-5E808061889D}.Release|Win32.ActiveCfg = Release|Any CPU
		{38CE179C-5898-4DCA-A645-BD7C7C445FB4}.Debug|Any CPU.ActiveCfg = Debug|Any CPU
		{38CE179C-5898-4DCA-A645-BD7C7C445FB4}.Debug|Any CPU.Build.0 = Debug|Any CPU
		{38CE179C-5898-4DCA-A645-BD7C7C445FB4}.Debug|Mixed Platforms.ActiveCfg = Debug|Any CPU
		{38CE179C-5898-4DCA-A645-BD7C7C445FB4}.Debug|Mixed Platforms.Build.0 = Debug|Any CPU
		{38CE179C-5898-4DCA-A645-BD7C7C445FB4}.Debug|Win32.ActiveCfg = Debug|Any CPU
		{38CE179C-5898-4DCA-A645-BD7C7C445FB4}.Release|Any CPU.ActiveCfg = Release|Any CPU
		{38CE179C-5898-4DCA-A645-BD7C7C445FB4}.Release|Any CPU.Build.0 = Release|Any CPU
		{38CE179C-5898-4DCA-A645-BD7C7C445FB4}.Release|Mixed Platforms.ActiveCfg = Release|Any CPU
		{38CE179C-5898-4DCA-A645-BD7C7C445FB4}.Release|Mixed Platforms.Build.0 = Release|Any CPU
		{38CE179C-5898-4DCA-A645-BD7C7C445FB4}.Release|Win32.ActiveCfg = Release|Any CPU
	EndGlobalSection
	GlobalSection(SolutionProperties) = preSolution
		HideSolutionNode = FALSE
	EndGlobalSection
EndGlobal
