
Microsoft Visual Studio Solution File, Format Version 9.00
# Visual Studio 2005
Project("{FAE04EC0-301F-11D3-BF4B-00C04F79EFBC}") = "RRTPlanner", "..\..\controller\RRTPlanner\RRTPlanner.csproj", "{6B407296-924E-4788-A8B4-5E808061889D}"
EndProject
Project("{FAE04EC0-301F-11D3-BF4B-00C04F79EFBC}") = "Core", "..\..\system\Core\Core.csproj", "{501CE524-9C56-4C08-B04F-69A92318872A}"
EndProject
Project("{FAE04EC0-301F-11D3-BF4B-00C04F79EFBC}") = "Utilities", "..\..\system\Utilities\Utilities.csproj", "{729B7FC5-FCC1-481C-8C0F-CD3C2855973C}"
EndProject
Project("{FAE04EC0-301F-11D3-BF4B-00C04F79EFBC}") = "RRTTester", "..\..\simulators\RRTTester\RRTTester.csproj", "{07A473F5-5310-4397-BBE6-9772AA03A22D}"
EndProject
Global
	GlobalSection(SolutionConfigurationPlatforms) = preSolution
		Debug|Any CPU = Debug|Any CPU
		Release|Any CPU = Release|Any CPU
	EndGlobalSection
	GlobalSection(ProjectConfigurationPlatforms) = postSolution
		{6B407296-924E-4788-A8B4-5E808061889D}.Debug|Any CPU.ActiveCfg = Debug|Any CPU
		{6B407296-924E-4788-A8B4-5E808061889D}.Debug|Any CPU.Build.0 = Debug|Any CPU
		{6B407296-924E-4788-A8B4-5E808061889D}.Release|Any CPU.ActiveCfg = Release|Any CPU
		{6B407296-924E-4788-A8B4-5E808061889D}.Release|Any CPU.Build.0 = Release|Any CPU
		{501CE524-9C56-4C08-B04F-69A92318872A}.Debug|Any CPU.ActiveCfg = Debug|Any CPU
		{501CE524-9C56-4C08-B04F-69A92318872A}.Debug|Any CPU.Build.0 = Debug|Any CPU
		{501CE524-9C56-4C08-B04F-69A92318872A}.Release|Any CPU.ActiveCfg = Release|Any CPU
		{501CE524-9C56-4C08-B04F-69A92318872A}.Release|Any CPU.Build.0 = Release|Any CPU
		{729B7FC5-FCC1-481C-8C0F-CD3C2855973C}.Debug|Any CPU.ActiveCfg = Debug|Any CPU
		{729B7FC5-FCC1-481C-8C0F-CD3C2855973C}.Debug|Any CPU.Build.0 = Debug|Any CPU
		{729B7FC5-FCC1-481C-8C0F-CD3C2855973C}.Release|Any CPU.ActiveCfg = Release|Any CPU
		{729B7FC5-FCC1-481C-8C0F-CD3C2855973C}.Release|Any CPU.Build.0 = Release|Any CPU
		{07A473F5-5310-4397-BBE6-9772AA03A22D}.Debug|Any CPU.ActiveCfg = Debug|Any CPU
		{07A473F5-5310-4397-BBE6-9772AA03A22D}.Debug|Any CPU.Build.0 = Debug|Any CPU
		{07A473F5-5310-4397-BBE6-9772AA03A22D}.Release|Any CPU.ActiveCfg = Release|Any CPU
		{07A473F5-5310-4397-BBE6-9772AA03A22D}.Release|Any CPU.Build.0 = Release|Any CPU
	EndGlobalSection
	GlobalSection(SolutionProperties) = preSolution
		HideSolutionNode = FALSE
	EndGlobalSection
EndGlobal
